// !$*UTF8*$!
{
	archiveVersion = 1;
	classes = {
	};
	objectVersion = 56;
	objects = {

/* Begin PBXBuildFile section */
		C92609042C247C860078C48E /* StripeExampleApp.swift in Sources */ = {isa = PBXBuildFile; fileRef = C92609032C247C860078C48E /* StripeExampleApp.swift */; };
		C92609062C247C860078C48E /* ContentView.swift in Sources */ = {isa = PBXBuildFile; fileRef = C92609052C247C860078C48E /* ContentView.swift */; };
		C92609082C247C8B0078C48E /* Assets.xcassets in Resources */ = {isa = PBXBuildFile; fileRef = C92609072C247C8B0078C48E /* Assets.xcassets */; };
		C926090B2C247C8B0078C48E /* Preview Assets.xcassets in Resources */ = {isa = PBXBuildFile; fileRef = C926090A2C247C8B0078C48E /* Preview Assets.xcassets */; };
		C92609152C247C8B0078C48E /* StripeExampleTests.swift in Sources */ = {isa = PBXBuildFile; fileRef = C92609142C247C8B0078C48E /* StripeExampleTests.swift */; };
		C926091F2C247C8B0078C48E /* StripeExampleUITests.swift in Sources */ = {isa = PBXBuildFile; fileRef = C926091E2C247C8B0078C48E /* StripeExampleUITests.swift */; };
		C92609212C247C8B0078C48E /* StripeExampleUITestsLaunchTests.swift in Sources */ = {isa = PBXBuildFile; fileRef = C92609202C247C8B0078C48E /* StripeExampleUITestsLaunchTests.swift */; };
		C92609362C2482880078C48E /* BackendModel.swift in Sources */ = {isa = PBXBuildFile; fileRef = C92609302C2482880078C48E /* BackendModel.swift */; };
		C92609372C2482880078C48E /* ApplePayModel.swift in Sources */ = {isa = PBXBuildFile; fileRef = C92609312C2482880078C48E /* ApplePayModel.swift */; };
		C926093B2C2482880078C48E /* PaymentButton.swift in Sources */ = {isa = PBXBuildFile; fileRef = C92609352C2482880078C48E /* PaymentButton.swift */; };
		C92609402C2493760078C48E /* Stripe in Frameworks */ = {isa = PBXBuildFile; productRef = C926093F2C2493760078C48E /* Stripe */; };
		C92609422C2493760078C48E /* StripeApplePay in Frameworks */ = {isa = PBXBuildFile; productRef = C92609412C2493760078C48E /* StripeApplePay */; };
		C92609442C2493760078C48E /* StripeCardScan in Frameworks */ = {isa = PBXBuildFile; productRef = C92609432C2493760078C48E /* StripeCardScan */; };
		C92609462C2493760078C48E /* StripeFinancialConnections in Frameworks */ = {isa = PBXBuildFile; productRef = C92609452C2493760078C48E /* StripeFinancialConnections */; };
		C92609482C2493760078C48E /* StripeIdentity in Frameworks */ = {isa = PBXBuildFile; productRef = C92609472C2493760078C48E /* StripeIdentity */; };
		C926094C2C2493760078C48E /* StripePaymentSheet in Frameworks */ = {isa = PBXBuildFile; productRef = C926094B2C2493760078C48E /* StripePaymentSheet */; };
		C926094E2C2493760078C48E /* StripePaymentsUI in Frameworks */ = {isa = PBXBuildFile; productRef = C926094D2C2493760078C48E /* StripePaymentsUI */; };
		FF18EF3D2C264B9C008F0493 /* StripePayments in Frameworks */ = {isa = PBXBuildFile; productRef = FF18EF3C2C264B9C008F0493 /* StripePayments */; };
/* End PBXBuildFile section */

/* Begin PBXContainerItemProxy section */
		C92609112C247C8B0078C48E /* PBXContainerItemProxy */ = {
			isa = PBXContainerItemProxy;
			containerPortal = C92608F82C247C860078C48E /* Project object */;
			proxyType = 1;
			remoteGlobalIDString = C92608FF2C247C860078C48E;
			remoteInfo = StripeExample;
		};
		C926091B2C247C8B0078C48E /* PBXContainerItemProxy */ = {
			isa = PBXContainerItemProxy;
			containerPortal = C92608F82C247C860078C48E /* Project object */;
			proxyType = 1;
			remoteGlobalIDString = C92608FF2C247C860078C48E;
			remoteInfo = StripeExample;
		};
/* End PBXContainerItemProxy section */

/* Begin PBXFileReference section */
		C92609002C247C860078C48E /* StripeExample.app */ = {isa = PBXFileReference; explicitFileType = wrapper.application; includeInIndex = 0; path = StripeExample.app; sourceTree = BUILT_PRODUCTS_DIR; };
		C92609032C247C860078C48E /* StripeExampleApp.swift */ = {isa = PBXFileReference; lastKnownFileType = sourcecode.swift; path = StripeExampleApp.swift; sourceTree = "<group>"; };
		C92609052C247C860078C48E /* ContentView.swift */ = {isa = PBXFileReference; lastKnownFileType = sourcecode.swift; path = ContentView.swift; sourceTree = "<group>"; };
		C92609072C247C8B0078C48E /* Assets.xcassets */ = {isa = PBXFileReference; lastKnownFileType = folder.assetcatalog; path = Assets.xcassets; sourceTree = "<group>"; };
		C926090A2C247C8B0078C48E /* Preview Assets.xcassets */ = {isa = PBXFileReference; lastKnownFileType = folder.assetcatalog; path = "Preview Assets.xcassets"; sourceTree = "<group>"; };
		C92609102C247C8B0078C48E /* StripeExampleTests.xctest */ = {isa = PBXFileReference; explicitFileType = wrapper.cfbundle; includeInIndex = 0; path = StripeExampleTests.xctest; sourceTree = BUILT_PRODUCTS_DIR; };
		C92609142C247C8B0078C48E /* StripeExampleTests.swift */ = {isa = PBXFileReference; lastKnownFileType = sourcecode.swift; path = StripeExampleTests.swift; sourceTree = "<group>"; };
		C926091A2C247C8B0078C48E /* StripeExampleUITests.xctest */ = {isa = PBXFileReference; explicitFileType = wrapper.cfbundle; includeInIndex = 0; path = StripeExampleUITests.xctest; sourceTree = BUILT_PRODUCTS_DIR; };
		C926091E2C247C8B0078C48E /* StripeExampleUITests.swift */ = {isa = PBXFileReference; lastKnownFileType = sourcecode.swift; path = StripeExampleUITests.swift; sourceTree = "<group>"; };
		C92609202C247C8B0078C48E /* StripeExampleUITestsLaunchTests.swift */ = {isa = PBXFileReference; lastKnownFileType = sourcecode.swift; path = StripeExampleUITestsLaunchTests.swift; sourceTree = "<group>"; };
		C926092E2C2481E20078C48E /* StripeExample.entitlements */ = {isa = PBXFileReference; lastKnownFileType = text.plist.entitlements; path = StripeExample.entitlements; sourceTree = "<group>"; };
		C92609302C2482880078C48E /* BackendModel.swift */ = {isa = PBXFileReference; fileEncoding = 4; lastKnownFileType = sourcecode.swift; path = BackendModel.swift; sourceTree = "<group>"; };
		C92609312C2482880078C48E /* ApplePayModel.swift */ = {isa = PBXFileReference; fileEncoding = 4; lastKnownFileType = sourcecode.swift; path = ApplePayModel.swift; sourceTree = "<group>"; };
		C92609352C2482880078C48E /* PaymentButton.swift */ = {isa = PBXFileReference; fileEncoding = 4; lastKnownFileType = sourcecode.swift; path = PaymentButton.swift; sourceTree = "<group>"; };
		FF18EF402C265043008F0493 /* Info.plist */ = {isa = PBXFileReference; lastKnownFileType = text.plist; path = Info.plist; sourceTree = "<group>"; };
/* End PBXFileReference section */

/* Begin PBXFrameworksBuildPhase section */
		C92608FD2C247C860078C48E /* Frameworks */ = {
			isa = PBXFrameworksBuildPhase;
			buildActionMask = 2147483647;
			files = (
				C92609442C2493760078C48E /* StripeCardScan in Frameworks */,
				C92609462C2493760078C48E /* StripeFinancialConnections in Frameworks */,
				C92609482C2493760078C48E /* StripeIdentity in Frameworks */,
				C926094C2C2493760078C48E /* StripePaymentSheet in Frameworks */,
				C92609402C2493760078C48E /* Stripe in Frameworks */,
				C926094E2C2493760078C48E /* StripePaymentsUI in Frameworks */,
				FF18EF3D2C264B9C008F0493 /* StripePayments in Frameworks */,
				C92609422C2493760078C48E /* StripeApplePay in Frameworks */,
			);
			runOnlyForDeploymentPostprocessing = 0;
		};
		C926090D2C247C8B0078C48E /* Frameworks */ = {
			isa = PBXFrameworksBuildPhase;
			buildActionMask = 2147483647;
			files = (
			);
			runOnlyForDeploymentPostprocessing = 0;
		};
		C92609172C247C8B0078C48E /* Frameworks */ = {
			isa = PBXFrameworksBuildPhase;
			buildActionMask = 2147483647;
			files = (
			);
			runOnlyForDeploymentPostprocessing = 0;
		};
/* End PBXFrameworksBuildPhase section */

/* Begin PBXGroup section */
		C92608F72C247C860078C48E = {
			isa = PBXGroup;
			children = (
				C92609022C247C860078C48E /* StripeExample */,
				C92609132C247C8B0078C48E /* StripeExampleTests */,
				C926091D2C247C8B0078C48E /* StripeExampleUITests */,
				C92609012C247C860078C48E /* Products */,
				C926093E2C24935F0078C48E /* Frameworks */,
			);
			sourceTree = "<group>";
		};
		C92609012C247C860078C48E /* Products */ = {
			isa = PBXGroup;
			children = (
				C92609002C247C860078C48E /* StripeExample.app */,
				C92609102C247C8B0078C48E /* StripeExampleTests.xctest */,
				C926091A2C247C8B0078C48E /* StripeExampleUITests.xctest */,
			);
			name = Products;
			sourceTree = "<group>";
		};
		C92609022C247C860078C48E /* StripeExample */ = {
			isa = PBXGroup;
			children = (
				FF18EF402C265043008F0493 /* Info.plist */,
				C926092E2C2481E20078C48E /* StripeExample.entitlements */,
				C92609032C247C860078C48E /* StripeExampleApp.swift */,
				C92609052C247C860078C48E /* ContentView.swift */,
				C926092F2C2482880078C48E /* Shared */,
				C92609072C247C8B0078C48E /* Assets.xcassets */,
				C92609092C247C8B0078C48E /* Preview Content */,
			);
			path = StripeExample;
			sourceTree = "<group>";
		};
		C92609092C247C8B0078C48E /* Preview Content */ = {
			isa = PBXGroup;
			children = (
				C926090A2C247C8B0078C48E /* Preview Assets.xcassets */,
			);
			path = "Preview Content";
			sourceTree = "<group>";
		};
		C92609132C247C8B0078C48E /* StripeExampleTests */ = {
			isa = PBXGroup;
			children = (
				C92609142C247C8B0078C48E /* StripeExampleTests.swift */,
			);
			path = StripeExampleTests;
			sourceTree = "<group>";
		};
		C926091D2C247C8B0078C48E /* StripeExampleUITests */ = {
			isa = PBXGroup;
			children = (
				C926091E2C247C8B0078C48E /* StripeExampleUITests.swift */,
				C92609202C247C8B0078C48E /* StripeExampleUITestsLaunchTests.swift */,
			);
			path = StripeExampleUITests;
			sourceTree = "<group>";
		};
		C926092F2C2482880078C48E /* Shared */ = {
			isa = PBXGroup;
			children = (
				C92609302C2482880078C48E /* BackendModel.swift */,
				C92609312C2482880078C48E /* ApplePayModel.swift */,
				C92609352C2482880078C48E /* PaymentButton.swift */,
			);
			path = Shared;
			sourceTree = "<group>";
		};
		C926093E2C24935F0078C48E /* Frameworks */ = {
			isa = PBXGroup;
			children = (
			);
			name = Frameworks;
			sourceTree = "<group>";
		};
/* End PBXGroup section */

/* Begin PBXNativeTarget section */
		C92608FF2C247C860078C48E /* StripeExample */ = {
			isa = PBXNativeTarget;
			buildConfigurationList = C92609242C247C8B0078C48E /* Build configuration list for PBXNativeTarget "StripeExample" */;
			buildPhases = (
				C92608FC2C247C860078C48E /* Sources */,
				C92608FD2C247C860078C48E /* Frameworks */,
				C92608FE2C247C860078C48E /* Resources */,
			);
			buildRules = (
			);
			dependencies = (
			);
			name = StripeExample;
			packageProductDependencies = (
				C926093F2C2493760078C48E /* Stripe */,
				C92609412C2493760078C48E /* StripeApplePay */,
				C92609432C2493760078C48E /* StripeCardScan */,
				C92609452C2493760078C48E /* StripeFinancialConnections */,
				C92609472C2493760078C48E /* StripeIdentity */,
				C926094B2C2493760078C48E /* StripePaymentSheet */,
				C926094D2C2493760078C48E /* StripePaymentsUI */,
				FF18EF3C2C264B9C008F0493 /* StripePayments */,
			);
			productName = StripeExample;
			productReference = C92609002C247C860078C48E /* StripeExample.app */;
			productType = "com.apple.product-type.application";
		};
		C926090F2C247C8B0078C48E /* StripeExampleTests */ = {
			isa = PBXNativeTarget;
			buildConfigurationList = C92609272C247C8B0078C48E /* Build configuration list for PBXNativeTarget "StripeExampleTests" */;
			buildPhases = (
				C926090C2C247C8B0078C48E /* Sources */,
				C926090D2C247C8B0078C48E /* Frameworks */,
				C926090E2C247C8B0078C48E /* Resources */,
			);
			buildRules = (
			);
			dependencies = (
				C92609122C247C8B0078C48E /* PBXTargetDependency */,
			);
			name = StripeExampleTests;
			productName = StripeExampleTests;
			productReference = C92609102C247C8B0078C48E /* StripeExampleTests.xctest */;
			productType = "com.apple.product-type.bundle.unit-test";
		};
		C92609192C247C8B0078C48E /* StripeExampleUITests */ = {
			isa = PBXNativeTarget;
			buildConfigurationList = C926092A2C247C8B0078C48E /* Build configuration list for PBXNativeTarget "StripeExampleUITests" */;
			buildPhases = (
				C92609162C247C8B0078C48E /* Sources */,
				C92609172C247C8B0078C48E /* Frameworks */,
				C92609182C247C8B0078C48E /* Resources */,
			);
			buildRules = (
			);
			dependencies = (
				C926091C2C247C8B0078C48E /* PBXTargetDependency */,
			);
			name = StripeExampleUITests;
			productName = StripeExampleUITests;
			productReference = C926091A2C247C8B0078C48E /* StripeExampleUITests.xctest */;
			productType = "com.apple.product-type.bundle.ui-testing";
		};
/* End PBXNativeTarget section */

/* Begin PBXProject section */
		C92608F82C247C860078C48E /* Project object */ = {
			isa = PBXProject;
			attributes = {
				BuildIndependentTargetsInParallel = 1;
				LastSwiftUpdateCheck = 1520;
				LastUpgradeCheck = 1520;
				TargetAttributes = {
					C92608FF2C247C860078C48E = {
						CreatedOnToolsVersion = 15.2;
					};
					C926090F2C247C8B0078C48E = {
						CreatedOnToolsVersion = 15.2;
						TestTargetID = C92608FF2C247C860078C48E;
					};
					C92609192C247C8B0078C48E = {
						CreatedOnToolsVersion = 15.2;
						TestTargetID = C92608FF2C247C860078C48E;
					};
				};
			};
			buildConfigurationList = C92608FB2C247C860078C48E /* Build configuration list for PBXProject "StripeExample" */;
			compatibilityVersion = "Xcode 14.0";
			developmentRegion = en;
			hasScannedForEncodings = 0;
			knownRegions = (
				en,
				Base,
			);
			mainGroup = C92608F72C247C860078C48E;
			packageReferences = (
				C926093D2C2492940078C48E /* XCRemoteSwiftPackageReference "stripe-ios-spm" */,
			);
			productRefGroup = C92609012C247C860078C48E /* Products */;
			projectDirPath = "";
			projectRoot = "";
			targets = (
				C92608FF2C247C860078C48E /* StripeExample */,
				C926090F2C247C8B0078C48E /* StripeExampleTests */,
				C92609192C247C8B0078C48E /* StripeExampleUITests */,
			);
		};
/* End PBXProject section */

/* Begin PBXResourcesBuildPhase section */
		C92608FE2C247C860078C48E /* Resources */ = {
			isa = PBXResourcesBuildPhase;
			buildActionMask = 2147483647;
			files = (
				C926090B2C247C8B0078C48E /* Preview Assets.xcassets in Resources */,
				C92609082C247C8B0078C48E /* Assets.xcassets in Resources */,
			);
			runOnlyForDeploymentPostprocessing = 0;
		};
		C926090E2C247C8B0078C48E /* Resources */ = {
			isa = PBXResourcesBuildPhase;
			buildActionMask = 2147483647;
			files = (
			);
			runOnlyForDeploymentPostprocessing = 0;
		};
		C92609182C247C8B0078C48E /* Resources */ = {
			isa = PBXResourcesBuildPhase;
			buildActionMask = 2147483647;
			files = (
			);
			runOnlyForDeploymentPostprocessing = 0;
		};
/* End PBXResourcesBuildPhase section */

/* Begin PBXSourcesBuildPhase section */
		C92608FC2C247C860078C48E /* Sources */ = {
			isa = PBXSourcesBuildPhase;
			buildActionMask = 2147483647;
			files = (
				C92609062C247C860078C48E /* ContentView.swift in Sources */,
				C926093B2C2482880078C48E /* PaymentButton.swift in Sources */,
				C92609362C2482880078C48E /* BackendModel.swift in Sources */,
				C92609042C247C860078C48E /* StripeExampleApp.swift in Sources */,
				C92609372C2482880078C48E /* ApplePayModel.swift in Sources */,
			);
			runOnlyForDeploymentPostprocessing = 0;
		};
		C926090C2C247C8B0078C48E /* Sources */ = {
			isa = PBXSourcesBuildPhase;
			buildActionMask = 2147483647;
			files = (
				C92609152C247C8B0078C48E /* StripeExampleTests.swift in Sources */,
			);
			runOnlyForDeploymentPostprocessing = 0;
		};
		C92609162C247C8B0078C48E /* Sources */ = {
			isa = PBXSourcesBuildPhase;
			buildActionMask = 2147483647;
			files = (
				C92609212C247C8B0078C48E /* StripeExampleUITestsLaunchTests.swift in Sources */,
				C926091F2C247C8B0078C48E /* StripeExampleUITests.swift in Sources */,
			);
			runOnlyForDeploymentPostprocessing = 0;
		};
/* End PBXSourcesBuildPhase section */

/* Begin PBXTargetDependency section */
		C92609122C247C8B0078C48E /* PBXTargetDependency */ = {
			isa = PBXTargetDependency;
			target = C92608FF2C247C860078C48E /* StripeExample */;
			targetProxy = C92609112C247C8B0078C48E /* PBXContainerItemProxy */;
		};
		C926091C2C247C8B0078C48E /* PBXTargetDependency */ = {
			isa = PBXTargetDependency;
			target = C92608FF2C247C860078C48E /* StripeExample */;
			targetProxy = C926091B2C247C8B0078C48E /* PBXContainerItemProxy */;
		};
/* End PBXTargetDependency section */

/* Begin XCBuildConfiguration section */
		C92609222C247C8B0078C48E /* Debug */ = {
			isa = XCBuildConfiguration;
			buildSettings = {
				ALWAYS_SEARCH_USER_PATHS = NO;
				ASSETCATALOG_COMPILER_GENERATE_SWIFT_ASSET_SYMBOL_EXTENSIONS = YES;
				CLANG_ANALYZER_NONNULL = YES;
				CLANG_ANALYZER_NUMBER_OBJECT_CONVERSION = YES_AGGRESSIVE;
				CLANG_CXX_LANGUAGE_STANDARD = "gnu++20";
				CLANG_ENABLE_MODULES = YES;
				CLANG_ENABLE_OBJC_ARC = YES;
				CLANG_ENABLE_OBJC_WEAK = YES;
				CLANG_WARN_BLOCK_CAPTURE_AUTORELEASING = YES;
				CLANG_WARN_BOOL_CONVERSION = YES;
				CLANG_WARN_COMMA = YES;
				CLANG_WARN_CONSTANT_CONVERSION = YES;
				CLANG_WARN_DEPRECATED_OBJC_IMPLEMENTATIONS = YES;
				CLANG_WARN_DIRECT_OBJC_ISA_USAGE = YES_ERROR;
				CLANG_WARN_DOCUMENTATION_COMMENTS = YES;
				CLANG_WARN_EMPTY_BODY = YES;
				CLANG_WARN_ENUM_CONVERSION = YES;
				CLANG_WARN_INFINITE_RECURSION = YES;
				CLANG_WARN_INT_CONVERSION = YES;
				CLANG_WARN_NON_LITERAL_NULL_CONVERSION = YES;
				CLANG_WARN_OBJC_IMPLICIT_RETAIN_SELF = YES;
				CLANG_WARN_OBJC_LITERAL_CONVERSION = YES;
				CLANG_WARN_OBJC_ROOT_CLASS = YES_ERROR;
				CLANG_WARN_QUOTED_INCLUDE_IN_FRAMEWORK_HEADER = YES;
				CLANG_WARN_RANGE_LOOP_ANALYSIS = YES;
				CLANG_WARN_STRICT_PROTOTYPES = YES;
				CLANG_WARN_SUSPICIOUS_MOVE = YES;
				CLANG_WARN_UNGUARDED_AVAILABILITY = YES_AGGRESSIVE;
				CLANG_WARN_UNREACHABLE_CODE = YES;
				CLANG_WARN__DUPLICATE_METHOD_MATCH = YES;
				COPY_PHASE_STRIP = NO;
				DEBUG_INFORMATION_FORMAT = dwarf;
				ENABLE_STRICT_OBJC_MSGSEND = YES;
				ENABLE_TESTABILITY = YES;
				ENABLE_USER_SCRIPT_SANDBOXING = YES;
				GCC_C_LANGUAGE_STANDARD = gnu17;
				GCC_DYNAMIC_NO_PIC = NO;
				GCC_NO_COMMON_BLOCKS = YES;
				GCC_OPTIMIZATION_LEVEL = 0;
				GCC_PREPROCESSOR_DEFINITIONS = (
					"DEBUG=1",
					"$(inherited)",
				);
				GCC_WARN_64_TO_32_BIT_CONVERSION = YES;
				GCC_WARN_ABOUT_RETURN_TYPE = YES_ERROR;
				GCC_WARN_UNDECLARED_SELECTOR = YES;
				GCC_WARN_UNINITIALIZED_AUTOS = YES_AGGRESSIVE;
				GCC_WARN_UNUSED_FUNCTION = YES;
				GCC_WARN_UNUSED_VARIABLE = YES;
				IPHONEOS_DEPLOYMENT_TARGET = 17.2;
				LOCALIZATION_PREFERS_STRING_CATALOGS = YES;
				MTL_ENABLE_DEBUG_INFO = INCLUDE_SOURCE;
				MTL_FAST_MATH = YES;
				ONLY_ACTIVE_ARCH = YES;
				SDKROOT = iphoneos;
				SWIFT_ACTIVE_COMPILATION_CONDITIONS = "DEBUG $(inherited)";
				SWIFT_OPTIMIZATION_LEVEL = "-Onone";
			};
			name = Debug;
		};
		C92609232C247C8B0078C48E /* Release */ = {
			isa = XCBuildConfiguration;
			buildSettings = {
				ALWAYS_SEARCH_USER_PATHS = NO;
				ASSETCATALOG_COMPILER_GENERATE_SWIFT_ASSET_SYMBOL_EXTENSIONS = YES;
				CLANG_ANALYZER_NONNULL = YES;
				CLANG_ANALYZER_NUMBER_OBJECT_CONVERSION = YES_AGGRESSIVE;
				CLANG_CXX_LANGUAGE_STANDARD = "gnu++20";
				CLANG_ENABLE_MODULES = YES;
				CLANG_ENABLE_OBJC_ARC = YES;
				CLANG_ENABLE_OBJC_WEAK = YES;
				CLANG_WARN_BLOCK_CAPTURE_AUTORELEASING = YES;
				CLANG_WARN_BOOL_CONVERSION = YES;
				CLANG_WARN_COMMA = YES;
				CLANG_WARN_CONSTANT_CONVERSION = YES;
				CLANG_WARN_DEPRECATED_OBJC_IMPLEMENTATIONS = YES;
				CLANG_WARN_DIRECT_OBJC_ISA_USAGE = YES_ERROR;
				CLANG_WARN_DOCUMENTATION_COMMENTS = YES;
				CLANG_WARN_EMPTY_BODY = YES;
				CLANG_WARN_ENUM_CONVERSION = YES;
				CLANG_WARN_INFINITE_RECURSION = YES;
				CLANG_WARN_INT_CONVERSION = YES;
				CLANG_WARN_NON_LITERAL_NULL_CONVERSION = YES;
				CLANG_WARN_OBJC_IMPLICIT_RETAIN_SELF = YES;
				CLANG_WARN_OBJC_LITERAL_CONVERSION = YES;
				CLANG_WARN_OBJC_ROOT_CLASS = YES_ERROR;
				CLANG_WARN_QUOTED_INCLUDE_IN_FRAMEWORK_HEADER = YES;
				CLANG_WARN_RANGE_LOOP_ANALYSIS = YES;
				CLANG_WARN_STRICT_PROTOTYPES = YES;
				CLANG_WARN_SUSPICIOUS_MOVE = YES;
				CLANG_WARN_UNGUARDED_AVAILABILITY = YES_AGGRESSIVE;
				CLANG_WARN_UNREACHABLE_CODE = YES;
				CLANG_WARN__DUPLICATE_METHOD_MATCH = YES;
				COPY_PHASE_STRIP = NO;
				DEBUG_INFORMATION_FORMAT = "dwarf-with-dsym";
				ENABLE_NS_ASSERTIONS = NO;
				ENABLE_STRICT_OBJC_MSGSEND = YES;
				ENABLE_USER_SCRIPT_SANDBOXING = YES;
				GCC_C_LANGUAGE_STANDARD = gnu17;
				GCC_NO_COMMON_BLOCKS = YES;
				GCC_WARN_64_TO_32_BIT_CONVERSION = YES;
				GCC_WARN_ABOUT_RETURN_TYPE = YES_ERROR;
				GCC_WARN_UNDECLARED_SELECTOR = YES;
				GCC_WARN_UNINITIALIZED_AUTOS = YES_AGGRESSIVE;
				GCC_WARN_UNUSED_FUNCTION = YES;
				GCC_WARN_UNUSED_VARIABLE = YES;
				IPHONEOS_DEPLOYMENT_TARGET = 17.2;
				LOCALIZATION_PREFERS_STRING_CATALOGS = YES;
				MTL_ENABLE_DEBUG_INFO = NO;
				MTL_FAST_MATH = YES;
				SDKROOT = iphoneos;
				SWIFT_COMPILATION_MODE = wholemodule;
				VALIDATE_PRODUCT = YES;
			};
			name = Release;
		};
		C92609252C247C8B0078C48E /* Debug */ = {
			isa = XCBuildConfiguration;
			buildSettings = {
				ASSETCATALOG_COMPILER_APPICON_NAME = AppIcon;
				ASSETCATALOG_COMPILER_GLOBAL_ACCENT_COLOR_NAME = AccentColor;
				CODE_SIGN_ENTITLEMENTS = StripeExample/StripeExample.entitlements;
				CODE_SIGN_STYLE = Automatic;
				CURRENT_PROJECT_VERSION = 1;
				DEVELOPMENT_ASSET_PATHS = "\"StripeExample/Preview Content\"";
				DEVELOPMENT_TEAM = KTTXL572SL;
				ENABLE_PREVIEWS = YES;
				GENERATE_INFOPLIST_FILE = YES;
				INFOPLIST_FILE = StripeExample/Info.plist;
				INFOPLIST_KEY_UIApplicationSceneManifest_Generation = YES;
				INFOPLIST_KEY_UIApplicationSupportsIndirectInputEvents = YES;
				INFOPLIST_KEY_UILaunchScreen_Generation = YES;
				INFOPLIST_KEY_UISupportedInterfaceOrientations_iPad = "UIInterfaceOrientationPortrait UIInterfaceOrientationPortraitUpsideDown UIInterfaceOrientationLandscapeLeft UIInterfaceOrientationLandscapeRight";
				INFOPLIST_KEY_UISupportedInterfaceOrientations_iPhone = "UIInterfaceOrientationPortrait UIInterfaceOrientationLandscapeLeft UIInterfaceOrientationLandscapeRight";
				IPHONEOS_DEPLOYMENT_TARGET = 16.0;
				LD_RUNPATH_SEARCH_PATHS = (
					"$(inherited)",
					"@executable_path/Frameworks",
				);
				MARKETING_VERSION = 1.0;
				PRODUCT_BUNDLE_IDENTIFIER = co.tourch.StripeExample;
				PRODUCT_NAME = "$(TARGET_NAME)";
				SWIFT_EMIT_LOC_STRINGS = YES;
				SWIFT_VERSION = 5.0;
				TARGETED_DEVICE_FAMILY = "1,2";
			};
			name = Debug;
		};
		C92609262C247C8B0078C48E /* Release */ = {
			isa = XCBuildConfiguration;
			buildSettings = {
				ASSETCATALOG_COMPILER_APPICON_NAME = AppIcon;
				ASSETCATALOG_COMPILER_GLOBAL_ACCENT_COLOR_NAME = AccentColor;
				CODE_SIGN_ENTITLEMENTS = StripeExample/StripeExample.entitlements;
				CODE_SIGN_STYLE = Automatic;
				CURRENT_PROJECT_VERSION = 1;
				DEVELOPMENT_ASSET_PATHS = "\"StripeExample/Preview Content\"";
				DEVELOPMENT_TEAM = KTTXL572SL;
				ENABLE_PREVIEWS = YES;
				GENERATE_INFOPLIST_FILE = YES;
				INFOPLIST_FILE = StripeExample/Info.plist;
				INFOPLIST_KEY_UIApplicationSceneManifest_Generation = YES;
				INFOPLIST_KEY_UIApplicationSupportsIndirectInputEvents = YES;
				INFOPLIST_KEY_UILaunchScreen_Generation = YES;
				INFOPLIST_KEY_UISupportedInterfaceOrientations_iPad = "UIInterfaceOrientationPortrait UIInterfaceOrientationPortraitUpsideDown UIInterfaceOrientationLandscapeLeft UIInterfaceOrientationLandscapeRight";
				INFOPLIST_KEY_UISupportedInterfaceOrientations_iPhone = "UIInterfaceOrientationPortrait UIInterfaceOrientationLandscapeLeft UIInterfaceOrientationLandscapeRight";
				IPHONEOS_DEPLOYMENT_TARGET = 16.0;
				LD_RUNPATH_SEARCH_PATHS = (
					"$(inherited)",
					"@executable_path/Frameworks",
				);
				MARKETING_VERSION = 1.0;
				PRODUCT_BUNDLE_IDENTIFIER = co.tourch.StripeExample;
				PRODUCT_NAME = "$(TARGET_NAME)";
				SWIFT_EMIT_LOC_STRINGS = YES;
				SWIFT_VERSION = 5.0;
				TARGETED_DEVICE_FAMILY = "1,2";
			};
			name = Release;
		};
		C92609282C247C8B0078C48E /* Debug */ = {
			isa = XCBuildConfiguration;
			buildSettings = {
				ALWAYS_EMBED_SWIFT_STANDARD_LIBRARIES = YES;
				BUNDLE_LOADER = "$(TEST_HOST)";
				CODE_SIGN_STYLE = Automatic;
				CURRENT_PROJECT_VERSION = 1;
				DEVELOPMENT_TEAM = KTTXL572SL;
				GENERATE_INFOPLIST_FILE = YES;
				IPHONEOS_DEPLOYMENT_TARGET = 17.2;
				MARKETING_VERSION = 1.0;
				PRODUCT_BUNDLE_IDENTIFIER = co.tourch.StripeExampleTests;
				PRODUCT_NAME = "$(TARGET_NAME)";
				SWIFT_EMIT_LOC_STRINGS = NO;
				SWIFT_VERSION = 5.0;
				TARGETED_DEVICE_FAMILY = "1,2";
				TEST_HOST = "$(BUILT_PRODUCTS_DIR)/StripeExample.app/$(BUNDLE_EXECUTABLE_FOLDER_PATH)/StripeExample";
			};
			name = Debug;
		};
		C92609292C247C8B0078C48E /* Release */ = {
			isa = XCBuildConfiguration;
			buildSettings = {
				ALWAYS_EMBED_SWIFT_STANDARD_LIBRARIES = YES;
				BUNDLE_LOADER = "$(TEST_HOST)";
				CODE_SIGN_STYLE = Automatic;
				CURRENT_PROJECT_VERSION = 1;
				DEVELOPMENT_TEAM = KTTXL572SL;
				GENERATE_INFOPLIST_FILE = YES;
				IPHONEOS_DEPLOYMENT_TARGET = 17.2;
				MARKETING_VERSION = 1.0;
				PRODUCT_BUNDLE_IDENTIFIER = co.tourch.StripeExampleTests;
				PRODUCT_NAME = "$(TARGET_NAME)";
				SWIFT_EMIT_LOC_STRINGS = NO;
				SWIFT_VERSION = 5.0;
				TARGETED_DEVICE_FAMILY = "1,2";
				TEST_HOST = "$(BUILT_PRODUCTS_DIR)/StripeExample.app/$(BUNDLE_EXECUTABLE_FOLDER_PATH)/StripeExample";
			};
			name = Release;
		};
		C926092B2C247C8B0078C48E /* Debug */ = {
			isa = XCBuildConfiguration;
			buildSettings = {
				ALWAYS_EMBED_SWIFT_STANDARD_LIBRARIES = YES;
				CODE_SIGN_STYLE = Automatic;
				CURRENT_PROJECT_VERSION = 1;
				DEVELOPMENT_TEAM = KTTXL572SL;
				GENERATE_INFOPLIST_FILE = YES;
				MARKETING_VERSION = 1.0;
				PRODUCT_BUNDLE_IDENTIFIER = co.tourch.StripeExampleUITests;
				PRODUCT_NAME = "$(TARGET_NAME)";
				SWIFT_EMIT_LOC_STRINGS = NO;
				SWIFT_VERSION = 5.0;
				TARGETED_DEVICE_FAMILY = "1,2";
				TEST_TARGET_NAME = StripeExample;
			};
			name = Debug;
		};
		C926092C2C247C8B0078C48E /* Release */ = {
			isa = XCBuildConfiguration;
			buildSettings = {
				ALWAYS_EMBED_SWIFT_STANDARD_LIBRARIES = YES;
				CODE_SIGN_STYLE = Automatic;
				CURRENT_PROJECT_VERSION = 1;
				DEVELOPMENT_TEAM = KTTXL572SL;
				GENERATE_INFOPLIST_FILE = YES;
				MARKETING_VERSION = 1.0;
				PRODUCT_BUNDLE_IDENTIFIER = co.tourch.StripeExampleUITests;
				PRODUCT_NAME = "$(TARGET_NAME)";
				SWIFT_EMIT_LOC_STRINGS = NO;
				SWIFT_VERSION = 5.0;
				TARGETED_DEVICE_FAMILY = "1,2";
				TEST_TARGET_NAME = StripeExample;
			};
			name = Release;
		};
/* End XCBuildConfiguration section */

/* Begin XCConfigurationList section */
		C92608FB2C247C860078C48E /* Build configuration list for PBXProject "StripeExample" */ = {
			isa = XCConfigurationList;
			buildConfigurations = (
				C92609222C247C8B0078C48E /* Debug */,
				C92609232C247C8B0078C48E /* Release */,
			);
			defaultConfigurationIsVisible = 0;
			defaultConfigurationName = Release;
		};
		C92609242C247C8B0078C48E /* Build configuration list for PBXNativeTarget "StripeExample" */ = {
			isa = XCConfigurationList;
			buildConfigurations = (
				C92609252C247C8B0078C48E /* Debug */,
				C92609262C247C8B0078C48E /* Release */,
			);
			defaultConfigurationIsVisible = 0;
			defaultConfigurationName = Release;
		};
		C92609272C247C8B0078C48E /* Build configuration list for PBXNativeTarget "StripeExampleTests" */ = {
			isa = XCConfigurationList;
			buildConfigurations = (
				C92609282C247C8B0078C48E /* Debug */,
				C92609292C247C8B0078C48E /* Release */,
			);
			defaultConfigurationIsVisible = 0;
			defaultConfigurationName = Release;
		};
		C926092A2C247C8B0078C48E /* Build configuration list for PBXNativeTarget "StripeExampleUITests" */ = {
			isa = XCConfigurationList;
			buildConfigurations = (
				C926092B2C247C8B0078C48E /* Debug */,
				C926092C2C247C8B0078C48E /* Release */,
			);
			defaultConfigurationIsVisible = 0;
			defaultConfigurationName = Release;
		};
/* End XCConfigurationList section */

/* Begin XCRemoteSwiftPackageReference section */
		C926093D2C2492940078C48E /* XCRemoteSwiftPackageReference "stripe-ios-spm" */ = {
			isa = XCRemoteSwiftPackageReference;
			repositoryURL = "https://github.com/stripe/stripe-ios-spm";
			requirement = {
				kind = upToNextMajorVersion;
				minimumVersion = 23.27.4;
			};
		};
/* End XCRemoteSwiftPackageReference section */

/* Begin XCSwiftPackageProductDependency section */
		C926093F2C2493760078C48E /* Stripe */ = {
			isa = XCSwiftPackageProductDependency;
			package = C926093D2C2492940078C48E /* XCRemoteSwiftPackageReference "stripe-ios-spm" */;
			productName = Stripe;
		};
		C92609412C2493760078C48E /* StripeApplePay */ = {
			isa = XCSwiftPackageProductDependency;
			package = C926093D2C2492940078C48E /* XCRemoteSwiftPackageReference "stripe-ios-spm" */;
			productName = StripeApplePay;
		};
		C92609432C2493760078C48E /* StripeCardScan */ = {
			isa = XCSwiftPackageProductDependency;
			package = C926093D2C2492940078C48E /* XCRemoteSwiftPackageReference "stripe-ios-spm" */;
			productName = StripeCardScan;
		};
		C92609452C2493760078C48E /* StripeFinancialConnections */ = {
			isa = XCSwiftPackageProductDependency;
			package = C926093D2C2492940078C48E /* XCRemoteSwiftPackageReference "stripe-ios-spm" */;
			productName = StripeFinancialConnections;
		};
		C92609472C2493760078C48E /* StripeIdentity */ = {
			isa = XCSwiftPackageProductDependency;
			package = C926093D2C2492940078C48E /* XCRemoteSwiftPackageReference "stripe-ios-spm" */;
			productName = StripeIdentity;
		};
		C926094B2C2493760078C48E /* StripePaymentSheet */ = {
			isa = XCSwiftPackageProductDependency;
			package = C926093D2C2492940078C48E /* XCRemoteSwiftPackageReference "stripe-ios-spm" */;
			productName = StripePaymentSheet;
		};
		C926094D2C2493760078C48E /* StripePaymentsUI */ = {
			isa = XCSwiftPackageProductDependency;
			package = C926093D2C2492940078C48E /* XCRemoteSwiftPackageReference "stripe-ios-spm" */;
			productName = StripePaymentsUI;
		};
		FF18EF3C2C264B9C008F0493 /* StripePayments */ = {
			isa = XCSwiftPackageProductDependency;
			package = C926093D2C2492940078C48E /* XCRemoteSwiftPackageReference "stripe-ios-spm" */;
			productName = StripePayments;
		};
/* End XCSwiftPackageProductDependency section */
	};
	rootObject = C92608F82C247C860078C48E /* Project object */;
}
